
Microsoft Visual Studio Solution File, Format Version 12.00
# Visual Studio 15
VisualStudioVersion = 15.0.28307.329
MinimumVisualStudioVersion = 10.0.40219.1
Project("{FAE04EC0-301F-11D3-BF4B-00C04F79EFBC}") = "ToolsQA", "ToolsQA\ToolsQA.csproj", "{163956E8-6BE7-445F-8D42-BE77329268C8}"
EndProject
Global
	GlobalSection(SolutionConfigurationPlatforms) = preSolution
		Debug|Any CPU = Debug|Any CPU
		Release|Any CPU = Release|Any CPU
	EndGlobalSection
	GlobalSection(ProjectConfigurationPlatforms) = postSolution
		{163956E8-6BE7-445F-8D42-BE77329268C8}.Debug|Any CPU.ActiveCfg = Debug|Any CPU
		{163956E8-6BE7-445F-8D42-BE77329268C8}.Debug|Any CPU.Build.0 = Debug|Any CPU
		{163956E8-6BE7-445F-8D42-BE77329268C8}.Release|Any CPU.ActiveCfg = Release|Any CPU
		{163956E8-6BE7-445F-8D42-BE77329268C8}.Release|Any CPU.Build.0 = Release|Any CPU
	EndGlobalSection
	GlobalSection(SolutionProperties) = preSolution
		HideSolutionNode = FALSE
	EndGlobalSection
	GlobalSection(ExtensibilityGlobals) = postSolution
		SolutionGuid = {02B7FFCC-F4DA-4E8C-AC39-F7FB8C5308E5}
	EndGlobalSection
EndGlobal
